// !$*UTF8*$!
{
	archiveVersion = 1;
	classes = {
	};
	objectVersion = 50;
	objects = {

/* Begin PBXBuildFile section */
		093C597A519C7182606EE351 /* Pods_DatabaseMigrationExample.framework in Frameworks */ = {isa = PBXBuildFile; fileRef = 7A67D7AAA8C4DCEEA6AD9FAF /* Pods_DatabaseMigrationExample.framework */; };
		E614968F213F2C24008EE60C /* Database.swift in Sources */ = {isa = PBXBuildFile; fileRef = E614968E213F2C24008EE60C /* Database.swift */; };
		E67F6777213F49A100AE7E35 /* Migrations.bundle in Resources */ = {isa = PBXBuildFile; fileRef = E67F6776213F49A100AE7E35 /* Migrations.bundle */; };
		E67F6789213F4D6700AE7E35 /* SeedDB.swift in Sources */ = {isa = PBXBuildFile; fileRef = E67F6788213F4D6700AE7E35 /* SeedDB.swift */; };
		E6E77893213F28DA00A14C4B /* AppDelegate.swift in Sources */ = {isa = PBXBuildFile; fileRef = E6E77892213F28DA00A14C4B /* AppDelegate.swift */; };
		E6E77895213F28DA00A14C4B /* ViewController.swift in Sources */ = {isa = PBXBuildFile; fileRef = E6E77894213F28DA00A14C4B /* ViewController.swift */; };
		E6E77898213F28DA00A14C4B /* Main.storyboard in Resources */ = {isa = PBXBuildFile; fileRef = E6E77896213F28DA00A14C4B /* Main.storyboard */; };
		E6E7789A213F28DB00A14C4B /* Assets.xcassets in Resources */ = {isa = PBXBuildFile; fileRef = E6E77899213F28DB00A14C4B /* Assets.xcassets */; };
		E6E7789D213F28DB00A14C4B /* LaunchScreen.storyboard in Resources */ = {isa = PBXBuildFile; fileRef = E6E7789B213F28DB00A14C4B /* LaunchScreen.storyboard */; };
/* End PBXBuildFile section */

/* Begin PBXFileReference section */
		5CA0462A78D2BD7ACCC39E23 /* Pods-DatabaseMigrationExample.release.xcconfig */ = {isa = PBXFileReference; includeInIndex = 1; lastKnownFileType = text.xcconfig; name = "Pods-DatabaseMigrationExample.release.xcconfig"; path = "Pods/Target Support Files/Pods-DatabaseMigrationExample/Pods-DatabaseMigrationExample.release.xcconfig"; sourceTree = "<group>"; };
		7A67D7AAA8C4DCEEA6AD9FAF /* Pods_DatabaseMigrationExample.framework */ = {isa = PBXFileReference; explicitFileType = wrapper.framework; includeInIndex = 0; path = Pods_DatabaseMigrationExample.framework; sourceTree = BUILT_PRODUCTS_DIR; };
		E614968E213F2C24008EE60C /* Database.swift */ = {isa = PBXFileReference; lastKnownFileType = sourcecode.swift; path = Database.swift; sourceTree = "<group>"; };
		E67F6776213F49A100AE7E35 /* Migrations.bundle */ = {isa = PBXFileReference; lastKnownFileType = "wrapper.plug-in"; path = Migrations.bundle; sourceTree = "<group>"; };
		E67F6788213F4D6700AE7E35 /* SeedDB.swift */ = {isa = PBXFileReference; lastKnownFileType = sourcecode.swift; path = SeedDB.swift; sourceTree = "<group>"; };
		E6E7788F213F28DA00A14C4B /* DatabaseMigrationExample.app */ = {isa = PBXFileReference; explicitFileType = wrapper.application; includeInIndex = 0; path = DatabaseMigrationExample.app; sourceTree = BUILT_PRODUCTS_DIR; };
		E6E77892213F28DA00A14C4B /* AppDelegate.swift */ = {isa = PBXFileReference; lastKnownFileType = sourcecode.swift; path = AppDelegate.swift; sourceTree = "<group>"; };
		E6E77894213F28DA00A14C4B /* ViewController.swift */ = {isa = PBXFileReference; lastKnownFileType = sourcecode.swift; path = ViewController.swift; sourceTree = "<group>"; };
		E6E77897213F28DA00A14C4B /* Base */ = {isa = PBXFileReference; lastKnownFileType = file.storyboard; name = Base; path = Base.lproj/Main.storyboard; sourceTree = "<group>"; };
		E6E77899213F28DB00A14C4B /* Assets.xcassets */ = {isa = PBXFileReference; lastKnownFileType = folder.assetcatalog; path = Assets.xcassets; sourceTree = "<group>"; };
		E6E7789C213F28DB00A14C4B /* Base */ = {isa = PBXFileReference; lastKnownFileType = file.storyboard; name = Base; path = Base.lproj/LaunchScreen.storyboard; sourceTree = "<group>"; };
		E6E7789E213F28DB00A14C4B /* Info.plist */ = {isa = PBXFileReference; lastKnownFileType = text.plist.xml; path = Info.plist; sourceTree = "<group>"; };
		FAE790ED047D375D97212E53 /* Pods-DatabaseMigrationExample.debug.xcconfig */ = {isa = PBXFileReference; includeInIndex = 1; lastKnownFileType = text.xcconfig; name = "Pods-DatabaseMigrationExample.debug.xcconfig"; path = "Pods/Target Support Files/Pods-DatabaseMigrationExample/Pods-DatabaseMigrationExample.debug.xcconfig"; sourceTree = "<group>"; };
/* End PBXFileReference section */

/* Begin PBXFrameworksBuildPhase section */
		E6E7788C213F28D900A14C4B /* Frameworks */ = {
			isa = PBXFrameworksBuildPhase;
			buildActionMask = 2147483647;
			files = (
				093C597A519C7182606EE351 /* Pods_DatabaseMigrationExample.framework in Frameworks */,
			);
			runOnlyForDeploymentPostprocessing = 0;
		};
/* End PBXFrameworksBuildPhase section */

/* Begin PBXGroup section */
		C408EF7C521CFA39EA4DA867 /* Frameworks */ = {
			isa = PBXGroup;
			children = (
				7A67D7AAA8C4DCEEA6AD9FAF /* Pods_DatabaseMigrationExample.framework */,
			);
			name = Frameworks;
			sourceTree = "<group>";
		};
		E614969B213F4578008EE60C /* Database */ = {
			isa = PBXGroup;
			children = (
				E67F678B213F4DC600AE7E35 /* Migrations */,
				E67F6776213F49A100AE7E35 /* Migrations.bundle */,
				E614968E213F2C24008EE60C /* Database.swift */,
			);
			path = Database;
			sourceTree = "<group>";
		};
		E67F678B213F4DC600AE7E35 /* Migrations */ = {
			isa = PBXGroup;
			children = (
				E67F6788213F4D6700AE7E35 /* SeedDB.swift */,
			);
			name = Migrations;
			path = "New Group";
			sourceTree = "<group>";
		};
		E6E77886213F28D900A14C4B = {
			isa = PBXGroup;
			children = (
				E6E77891213F28DA00A14C4B /* DatabaseMigrationExample */,
				E6E77890213F28DA00A14C4B /* Products */,
				EF5E7022CA65E36DFD569421 /* Pods */,
				C408EF7C521CFA39EA4DA867 /* Frameworks */,
			);
			sourceTree = "<group>";
		};
		E6E77890213F28DA00A14C4B /* Products */ = {
			isa = PBXGroup;
			children = (
				E6E7788F213F28DA00A14C4B /* DatabaseMigrationExample.app */,
			);
			name = Products;
			sourceTree = "<group>";
		};
		E6E77891213F28DA00A14C4B /* DatabaseMigrationExample */ = {
			isa = PBXGroup;
			children = (
				E614969B213F4578008EE60C /* Database */,
				E6E77892213F28DA00A14C4B /* AppDelegate.swift */,
				E6E77894213F28DA00A14C4B /* ViewController.swift */,
				E6E77896213F28DA00A14C4B /* Main.storyboard */,
				E6E77899213F28DB00A14C4B /* Assets.xcassets */,
				E6E7789B213F28DB00A14C4B /* LaunchScreen.storyboard */,
				E6E7789E213F28DB00A14C4B /* Info.plist */,
			);
			path = DatabaseMigrationExample;
			sourceTree = "<group>";
		};
		EF5E7022CA65E36DFD569421 /* Pods */ = {
			isa = PBXGroup;
			children = (
				FAE790ED047D375D97212E53 /* Pods-DatabaseMigrationExample.debug.xcconfig */,
				5CA0462A78D2BD7ACCC39E23 /* Pods-DatabaseMigrationExample.release.xcconfig */,
			);
			name = Pods;
			sourceTree = "<group>";
		};
/* End PBXGroup section */

/* Begin PBXNativeTarget section */
		E6E7788E213F28D900A14C4B /* DatabaseMigrationExample */ = {
			isa = PBXNativeTarget;
			buildConfigurationList = E6E778A1213F28DB00A14C4B /* Build configuration list for PBXNativeTarget "DatabaseMigrationExample" */;
			buildPhases = (
				7E5833F14A8ADB7734F0666E /* [CP] Check Pods Manifest.lock */,
				E6E7788B213F28D900A14C4B /* Sources */,
				E6E7788C213F28D900A14C4B /* Frameworks */,
				E6E7788D213F28D900A14C4B /* Resources */,
				DAF583BBF38786BB67C6C842 /* [CP] Embed Pods Frameworks */,
			);
			buildRules = (
			);
			dependencies = (
			);
			name = DatabaseMigrationExample;
			productName = DatabaseMigrationExample;
			productReference = E6E7788F213F28DA00A14C4B /* DatabaseMigrationExample.app */;
			productType = "com.apple.product-type.application";
		};
/* End PBXNativeTarget section */

/* Begin PBXProject section */
		E6E77887213F28D900A14C4B /* Project object */ = {
			isa = PBXProject;
			attributes = {
				LastSwiftUpdateCheck = 0940;
				LastUpgradeCheck = 0940;
				ORGANIZATIONNAME = "Vikram Grewal";
				TargetAttributes = {
					E6E7788E213F28D900A14C4B = {
						CreatedOnToolsVersion = 9.4.1;
					};
				};
			};
			buildConfigurationList = E6E7788A213F28D900A14C4B /* Build configuration list for PBXProject "DatabaseMigrationExample" */;
			compatibilityVersion = "Xcode 9.3";
			developmentRegion = en;
			hasScannedForEncodings = 0;
			knownRegions = (
				en,
				Base,
			);
			mainGroup = E6E77886213F28D900A14C4B;
			productRefGroup = E6E77890213F28DA00A14C4B /* Products */;
			projectDirPath = "";
			projectRoot = "";
			targets = (
				E6E7788E213F28D900A14C4B /* DatabaseMigrationExample */,
			);
		};
/* End PBXProject section */

/* Begin PBXResourcesBuildPhase section */
		E6E7788D213F28D900A14C4B /* Resources */ = {
			isa = PBXResourcesBuildPhase;
			buildActionMask = 2147483647;
			files = (
				E6E7789D213F28DB00A14C4B /* LaunchScreen.storyboard in Resources */,
				E6E7789A213F28DB00A14C4B /* Assets.xcassets in Resources */,
				E67F6777213F49A100AE7E35 /* Migrations.bundle in Resources */,
				E6E77898213F28DA00A14C4B /* Main.storyboard in Resources */,
			);
			runOnlyForDeploymentPostprocessing = 0;
		};
/* End PBXResourcesBuildPhase section */

/* Begin PBXShellScriptBuildPhase section */
		7E5833F14A8ADB7734F0666E /* [CP] Check Pods Manifest.lock */ = {
			isa = PBXShellScriptBuildPhase;
			buildActionMask = 2147483647;
			files = (
			);
			inputPaths = (
				"${PODS_PODFILE_DIR_PATH}/Podfile.lock",
				"${PODS_ROOT}/Manifest.lock",
			);
			name = "[CP] Check Pods Manifest.lock";
			outputPaths = (
				"$(DERIVED_FILE_DIR)/Pods-DatabaseMigrationExample-checkManifestLockResult.txt",
			);
			runOnlyForDeploymentPostprocessing = 0;
			shellPath = /bin/sh;
			shellScript = "diff \"${PODS_PODFILE_DIR_PATH}/Podfile.lock\" \"${PODS_ROOT}/Manifest.lock\" > /dev/null\nif [ $? != 0 ] ; then\n    # print error to STDERR\n    echo \"error: The sandbox is not in sync with the Podfile.lock. Run 'pod install' or update your CocoaPods installation.\" >&2\n    exit 1\nfi\n# This output is used by Xcode 'outputs' to avoid re-running this script phase.\necho \"SUCCESS\" > \"${SCRIPT_OUTPUT_FILE_0}\"\n";
			showEnvVarsInLog = 0;
		};
		DAF583BBF38786BB67C6C842 /* [CP] Embed Pods Frameworks */ = {
			isa = PBXShellScriptBuildPhase;
			buildActionMask = 2147483647;
			files = (
			);
			inputPaths = (
				"${SRCROOT}/Pods/Target Support Files/Pods-DatabaseMigrationExample/Pods-DatabaseMigrationExample-frameworks.sh",
				"${BUILT_PRODUCTS_DIR}/SQLite.swift/SQLite.framework",
				"${BUILT_PRODUCTS_DIR}/SQLiteMigrationManager.swift/SQLiteMigrationManager.framework",
			);
			name = "[CP] Embed Pods Frameworks";
			outputPaths = (
				"${TARGET_BUILD_DIR}/${FRAMEWORKS_FOLDER_PATH}/SQLite.framework",
				"${TARGET_BUILD_DIR}/${FRAMEWORKS_FOLDER_PATH}/SQLiteMigrationManager.framework",
			);
			runOnlyForDeploymentPostprocessing = 0;
			shellPath = /bin/sh;
			shellScript = "\"${SRCROOT}/Pods/Target Support Files/Pods-DatabaseMigrationExample/Pods-DatabaseMigrationExample-frameworks.sh\"\n";
			showEnvVarsInLog = 0;
		};
/* End PBXShellScriptBuildPhase section */

/* Begin PBXSourcesBuildPhase section */
		E6E7788B213F28D900A14C4B /* Sources */ = {
			isa = PBXSourcesBuildPhase;
			buildActionMask = 2147483647;
			files = (
				E614968F213F2C24008EE60C /* Database.swift in Sources */,
				E6E77895213F28DA00A14C4B /* ViewController.swift in Sources */,
				E67F6789213F4D6700AE7E35 /* SeedDB.swift in Sources */,
				E6E77893213F28DA00A14C4B /* AppDelegate.swift in Sources */,
			);
			runOnlyForDeploymentPostprocessing = 0;
		};
/* End PBXSourcesBuildPhase section */

/* Begin PBXVariantGroup section */
		E6E77896213F28DA00A14C4B /* Main.storyboard */ = {
			isa = PBXVariantGroup;
			children = (
				E6E77897213F28DA00A14C4B /* Base */,
			);
			name = Main.storyboard;
			sourceTree = "<group>";
		};
		E6E7789B213F28DB00A14C4B /* LaunchScreen.storyboard */ = {
			isa = PBXVariantGroup;
			children = (
				E6E7789C213F28DB00A14C4B /* Base */,
			);
			name = LaunchScreen.storyboard;
			sourceTree = "<group>";
		};
/* End PBXVariantGroup section */

/* Begin XCBuildConfiguration section */
		E6E7789F213F28DB00A14C4B /* Debug */ = {
			isa = XCBuildConfiguration;
			buildSettings = {
				ALWAYS_SEARCH_USER_PATHS = NO;
				CLANG_ANALYZER_NONNULL = YES;
				CLANG_ANALYZER_NUMBER_OBJECT_CONVERSION = YES_AGGRESSIVE;
				CLANG_CXX_LANGUAGE_STANDARD = "gnu++14";
				CLANG_CXX_LIBRARY = "libc++";
				CLANG_ENABLE_MODULES = YES;
				CLANG_ENABLE_OBJC_ARC = YES;
				CLANG_ENABLE_OBJC_WEAK = YES;
				CLANG_WARN_BLOCK_CAPTURE_AUTORELEASING = YES;
				CLANG_WARN_BOOL_CONVERSION = YES;
				CLANG_WARN_COMMA = YES;
				CLANG_WARN_CONSTANT_CONVERSION = YES;
				CLANG_WARN_DEPRECATED_OBJC_IMPLEMENTATIONS = YES;
				CLANG_WARN_DIRECT_OBJC_ISA_USAGE = YES_ERROR;
				CLANG_WARN_DOCUMENTATION_COMMENTS = YES;
				CLANG_WARN_EMPTY_BODY = YES;
				CLANG_WARN_ENUM_CONVERSION = YES;
				CLANG_WARN_INFINITE_RECURSION = YES;
				CLANG_WARN_INT_CONVERSION = YES;
				CLANG_WARN_NON_LITERAL_NULL_CONVERSION = YES;
				CLANG_WARN_OBJC_IMPLICIT_RETAIN_SELF = YES;
				CLANG_WARN_OBJC_LITERAL_CONVERSION = YES;
				CLANG_WARN_OBJC_ROOT_CLASS = YES_ERROR;
				CLANG_WARN_RANGE_LOOP_ANALYSIS = YES;
				CLANG_WARN_STRICT_PROTOTYPES = YES;
				CLANG_WARN_SUSPICIOUS_MOVE = YES;
				CLANG_WARN_UNGUARDED_AVAILABILITY = YES_AGGRESSIVE;
				CLANG_WARN_UNREACHABLE_CODE = YES;
				CLANG_WARN__DUPLICATE_METHOD_MATCH = YES;
				CODE_SIGN_IDENTITY = "iPhone Developer";
				COPY_PHASE_STRIP = NO;
				DEBUG_INFORMATION_FORMAT = dwarf;
				ENABLE_STRICT_OBJC_MSGSEND = YES;
				ENABLE_TESTABILITY = YES;
				GCC_C_LANGUAGE_STANDARD = gnu11;
				GCC_DYNAMIC_NO_PIC = NO;
				GCC_NO_COMMON_BLOCKS = YES;
				GCC_OPTIMIZATION_LEVEL = 0;
				GCC_PREPROCESSOR_DEFINITIONS = (
					"DEBUG=1",
					"$(inherited)",
				);
				GCC_WARN_64_TO_32_BIT_CONVERSION = YES;
				GCC_WARN_ABOUT_RETURN_TYPE = YES_ERROR;
				GCC_WARN_UNDECLARED_SELECTOR = YES;
				GCC_WARN_UNINITIALIZED_AUTOS = YES_AGGRESSIVE;
				GCC_WARN_UNUSED_FUNCTION = YES;
				GCC_WARN_UNUSED_VARIABLE = YES;
				IPHONEOS_DEPLOYMENT_TARGET = 11.4;
				MTL_ENABLE_DEBUG_INFO = YES;
				ONLY_ACTIVE_ARCH = YES;
				SDKROOT = iphoneos;
				SWIFT_ACTIVE_COMPILATION_CONDITIONS = DEBUG;
				SWIFT_OPTIMIZATION_LEVEL = "-Onone";
			};
			name = Debug;
		};
		E6E778A0213F28DB00A14C4B /* Release */ = {
			isa = XCBuildConfiguration;
			buildSettings = {
				ALWAYS_SEARCH_USER_PATHS = NO;
				CLANG_ANALYZER_NONNULL = YES;
				CLANG_ANALYZER_NUMBER_OBJECT_CONVERSION = YES_AGGRESSIVE;
				CLANG_CXX_LANGUAGE_STANDARD = "gnu++14";
				CLANG_CXX_LIBRARY = "libc++";
				CLANG_ENABLE_MODULES = YES;
				CLANG_ENABLE_OBJC_ARC = YES;
				CLANG_ENABLE_OBJC_WEAK = YES;
				CLANG_WARN_BLOCK_CAPTURE_AUTORELEASING = YES;
				CLANG_WARN_BOOL_CONVERSION = YES;
				CLANG_WARN_COMMA = YES;
				CLANG_WARN_CONSTANT_CONVERSION = YES;
				CLANG_WARN_DEPRECATED_OBJC_IMPLEMENTATIONS = YES;
				CLANG_WARN_DIRECT_OBJC_ISA_USAGE = YES_ERROR;
				CLANG_WARN_DOCUMENTATION_COMMENTS = YES;
				CLANG_WARN_EMPTY_BODY = YES;
				CLANG_WARN_ENUM_CONVERSION = YES;
				CLANG_WARN_INFINITE_RECURSION = YES;
				CLANG_WARN_INT_CONVERSION = YES;
				CLANG_WARN_NON_LITERAL_NULL_CONVERSION = YES;
				CLANG_WARN_OBJC_IMPLICIT_RETAIN_SELF = YES;
				CLANG_WARN_OBJC_LITERAL_CONVERSION = YES;
				CLANG_WARN_OBJC_ROOT_CLASS = YES_ERROR;
				CLANG_WARN_RANGE_LOOP_ANALYSIS = YES;
				CLANG_WARN_STRICT_PROTOTYPES = YES;
				CLANG_WARN_SUSPICIOUS_MOVE = YES;
				CLANG_WARN_UNGUARDED_AVAILABILITY = YES_AGGRESSIVE;
				CLANG_WARN_UNREACHABLE_CODE = YES;
				CLANG_WARN__DUPLICATE_METHOD_MATCH = YES;
				CODE_SIGN_IDENTITY = "iPhone Developer";
				COPY_PHASE_STRIP = NO;
				DEBUG_INFORMATION_FORMAT = "dwarf-with-dsym";
				ENABLE_NS_ASSERTIONS = NO;
				ENABLE_STRICT_OBJC_MSGSEND = YES;
				GCC_C_LANGUAGE_STANDARD = gnu11;
				GCC_NO_COMMON_BLOCKS = YES;
				GCC_WARN_64_TO_32_BIT_CONVERSION = YES;
				GCC_WARN_ABOUT_RETURN_TYPE = YES_ERROR;
				GCC_WARN_UNDECLARED_SELECTOR = YES;
				GCC_WARN_UNINITIALIZED_AUTOS = YES_AGGRESSIVE;
				GCC_WARN_UNUSED_FUNCTION = YES;
				GCC_WARN_UNUSED_VARIABLE = YES;
				IPHONEOS_DEPLOYMENT_TARGET = 11.4;
				MTL_ENABLE_DEBUG_INFO = NO;
				SDKROOT = iphoneos;
				SWIFT_COMPILATION_MODE = wholemodule;
				SWIFT_OPTIMIZATION_LEVEL = "-O";
				VALIDATE_PRODUCT = YES;
			};
			name = Release;
		};
		E6E778A2213F28DB00A14C4B /* Debug */ = {
			isa = XCBuildConfiguration;
			baseConfigurationReference = FAE790ED047D375D97212E53 /* Pods-DatabaseMigrationExample.debug.xcconfig */;
			buildSettings = {
				ASSETCATALOG_COMPILER_APPICON_NAME = AppIcon;
				CODE_SIGN_STYLE = Automatic;
				DEVELOPMENT_TEAM = C7NV2676P8;
				INFOPLIST_FILE = DatabaseMigrationExample/Info.plist;
				LD_RUNPATH_SEARCH_PATHS = (
					"$(inherited)",
					"@executable_path/Frameworks",
				);
				PRODUCT_BUNDLE_IDENTIFIER = com.vikramgrewal.DatabaseMigrationExample;
				PRODUCT_NAME = "$(TARGET_NAME)";
				SWIFT_VERSION = 4.0;
				TARGETED_DEVICE_FAMILY = "1,2";
			};
			name = Debug;
		};
		E6E778A3213F28DB00A14C4B /* Release */ = {
			isa = XCBuildConfiguration;
			baseConfigurationReference = 5CA0462A78D2BD7ACCC39E23 /* Pods-DatabaseMigrationExample.release.xcconfig */;
			buildSettings = {
				ASSETCATALOG_COMPILER_APPICON_NAME = AppIcon;
				CODE_SIGN_STYLE = Automatic;
				DEVELOPMENT_TEAM = C7NV2676P8;
				INFOPLIST_FILE = DatabaseMigrationExample/Info.plist;
				LD_RUNPATH_SEARCH_PATHS = (
					"$(inherited)",
					"@executable_path/Frameworks",
				);
				PRODUCT_BUNDLE_IDENTIFIER = com.vikramgrewal.DatabaseMigrationExample;
				PRODUCT_NAME = "$(TARGET_NAME)";
				SWIFT_VERSION = 4.0;
				TARGETED_DEVICE_FAMILY = "1,2";
			};
			name = Release;
		};
/* End XCBuildConfiguration section */

/* Begin XCConfigurationList section */
		E6E7788A213F28D900A14C4B /* Build configuration list for PBXProject "DatabaseMigrationExample" */ = {
			isa = XCConfigurationList;
			buildConfigurations = (
				E6E7789F213F28DB00A14C4B /* Debug */,
				E6E778A0213F28DB00A14C4B /* Release */,
			);
			defaultConfigurationIsVisible = 0;
			defaultConfigurationName = Release;
		};
		E6E778A1213F28DB00A14C4B /* Build configuration list for PBXNativeTarget "DatabaseMigrationExample" */ = {
			isa = XCConfigurationList;
			buildConfigurations = (
				E6E778A2213F28DB00A14C4B /* Debug */,
				E6E778A3213F28DB00A14C4B /* Release */,
			);
			defaultConfigurationIsVisible = 0;
			defaultConfigurationName = Release;
		};
/* End XCConfigurationList section */
	};
	rootObject = E6E77887213F28D900A14C4B /* Project object */;
}
